
Microsoft Visual Studio Solution File, Format Version 12.00
# Visual Studio 15
VisualStudioVersion = 15.0.27703.2018
MinimumVisualStudioVersion = 10.0.40219.1
Project("{FAE04EC0-301F-11D3-BF4B-00C04F79EFBC}") = "AdoNetPractice", "AdoNetPractice\AdoNetPractice.csproj", "{7CD50735-83FC-4397-B8C7-9F00BCC1440E}"
EndProject
Project("{FAE04EC0-301F-11D3-BF4B-00C04F79EFBC}") = "DbInstaller", "DbInstaller\DbInstaller.csproj", "{22A11912-222A-4ADC-84C3-4840C178C99B}"
EndProject
Global
	GlobalSection(SolutionConfigurationPlatforms) = preSolution
		Debug|Any CPU = Debug|Any CPU
		Release|Any CPU = Release|Any CPU
	EndGlobalSection
	GlobalSection(ProjectConfigurationPlatforms) = postSolution
		{7CD50735-83FC-4397-B8C7-9F00BCC1440E}.Debug|Any CPU.ActiveCfg = Debug|Any CPU
		{7CD50735-83FC-4397-B8C7-9F00BCC1440E}.Debug|Any CPU.Build.0 = Debug|Any CPU
		{7CD50735-83FC-4397-B8C7-9F00BCC1440E}.Release|Any CPU.ActiveCfg = Release|Any CPU
		{7CD50735-83FC-4397-B8C7-9F00BCC1440E}.Release|Any CPU.Build.0 = Release|Any CPU
		{22A11912-222A-4ADC-84C3-4840C178C99B}.Debug|Any CPU.ActiveCfg = Debug|Any CPU
		{22A11912-222A-4ADC-84C3-4840C178C99B}.Debug|Any CPU.Build.0 = Debug|Any CPU
		{22A11912-222A-4ADC-84C3-4840C178C99B}.Release|Any CPU.ActiveCfg = Release|Any CPU
		{22A11912-222A-4ADC-84C3-4840C178C99B}.Release|Any CPU.Build.0 = Release|Any CPU
	EndGlobalSection
	GlobalSection(SolutionProperties) = preSolution
		HideSolutionNode = FALSE
	EndGlobalSection
	GlobalSection(ExtensibilityGlobals) = postSolution
		SolutionGuid = {2F9976AE-7BBD-4A5F-8E2D-EE853C90B5A6}
	EndGlobalSection
EndGlobal
